// !$*UTF8*$!
{
	archiveVersion = 1;
	classes = {
	};
	objectVersion = 46;
	objects = {

/* Begin PBXBuildFile section */
		619B901619106FB800B9E728 /* GoogleMaps.framework in Frameworks */ = {isa = PBXBuildFile; fileRef = 619B901519106FB800B9E728 /* GoogleMaps.framework */; };
		619B901819106FF500B9E728 /* GoogleMaps.bundle in Resources */ = {isa = PBXBuildFile; fileRef = 619B901719106FF500B9E728 /* GoogleMaps.bundle */; };
		61A0CE3118F08A8C00B8217A /* Foundation.framework in Frameworks */ = {isa = PBXBuildFile; fileRef = 61A0CE3018F08A8C00B8217A /* Foundation.framework */; };
		61A0CE3318F08A8C00B8217A /* CoreGraphics.framework in Frameworks */ = {isa = PBXBuildFile; fileRef = 61A0CE3218F08A8C00B8217A /* CoreGraphics.framework */; };
		61A0CE3518F08A8C00B8217A /* UIKit.framework in Frameworks */ = {isa = PBXBuildFile; fileRef = 61A0CE3418F08A8C00B8217A /* UIKit.framework */; };
		61A0CE3B18F08A8C00B8217A /* InfoPlist.strings in Resources */ = {isa = PBXBuildFile; fileRef = 61A0CE3918F08A8C00B8217A /* InfoPlist.strings */; };
		61A0CE3D18F08A8C00B8217A /* main.m in Sources */ = {isa = PBXBuildFile; fileRef = 61A0CE3C18F08A8C00B8217A /* main.m */; };
		61A0CE4918F08A8C00B8217A /* Images.xcassets in Resources */ = {isa = PBXBuildFile; fileRef = 61A0CE4818F08A8C00B8217A /* Images.xcassets */; };
		61A0CE5018F08A8C00B8217A /* XCTest.framework in Frameworks */ = {isa = PBXBuildFile; fileRef = 61A0CE4F18F08A8C00B8217A /* XCTest.framework */; };
		61A0CE5118F08A8C00B8217A /* Foundation.framework in Frameworks */ = {isa = PBXBuildFile; fileRef = 61A0CE3018F08A8C00B8217A /* Foundation.framework */; };
		61A0CE5218F08A8C00B8217A /* UIKit.framework in Frameworks */ = {isa = PBXBuildFile; fileRef = 61A0CE3418F08A8C00B8217A /* UIKit.framework */; };
		61A0CE5A18F08A8D00B8217A /* InfoPlist.strings in Resources */ = {isa = PBXBuildFile; fileRef = 61A0CE5818F08A8D00B8217A /* InfoPlist.strings */; };
		61A0CE5C18F08A8D00B8217A /* ShoutAppTests.m in Sources */ = {isa = PBXBuildFile; fileRef = 61A0CE5B18F08A8D00B8217A /* ShoutAppTests.m */; };
		61A0CE6918F08AE300B8217A /* JCCAppDelegate.m in Sources */ = {isa = PBXBuildFile; fileRef = 61A0CE6518F08AE300B8217A /* JCCAppDelegate.m */; };
		61A0CE6A18F08AE300B8217A /* JCCFeedTableViewController.m in Sources */ = {isa = PBXBuildFile; fileRef = 61A0CE6618F08AE300B8217A /* JCCFeedTableViewController.m */; };
		61A0CE6B18F08AE300B8217A /* JCCAnnotation.m in Sources */ = {isa = PBXBuildFile; fileRef = 61A0CE6818F08AE300B8217A /* JCCAnnotation.m */; };
		61A0CE7518F08AF400B8217A /* JCCPostViewController.m in Sources */ = {isa = PBXBuildFile; fileRef = 61A0CE7118F08AF400B8217A /* JCCPostViewController.m */; };
		61A0CE7618F08AF400B8217A /* JCCTableViewCell.m in Sources */ = {isa = PBXBuildFile; fileRef = 61A0CE7318F08AF400B8217A /* JCCTableViewCell.m */; };
		61A0CE7818F08D1500B8217A /* CustomTableViewCell.xib in Resources */ = {isa = PBXBuildFile; fileRef = 61A0CE7718F08D1400B8217A /* CustomTableViewCell.xib */; };
		61A0CE7A18F0A86C00B8217A /* CustomPostView.xib in Resources */ = {isa = PBXBuildFile; fileRef = 61A0CE7918F0A86C00B8217A /* CustomPostView.xib */; };
		61A0CE8018F3718600B8217A /* AVFoundation.framework in Frameworks */ = {isa = PBXBuildFile; fileRef = 61A0CE7F18F3718600B8217A /* AVFoundation.framework */; };
		61A0CE8218F3718E00B8217A /* CoreData.framework in Frameworks */ = {isa = PBXBuildFile; fileRef = 61A0CE8118F3718E00B8217A /* CoreData.framework */; };
		61A0CE8418F3719400B8217A /* CoreLocation.framework in Frameworks */ = {isa = PBXBuildFile; fileRef = 61A0CE8318F3719400B8217A /* CoreLocation.framework */; };
		61A0CE8618F3719A00B8217A /* CoreText.framework in Frameworks */ = {isa = PBXBuildFile; fileRef = 61A0CE8518F3719A00B8217A /* CoreText.framework */; };
		61A0CE8818F371A800B8217A /* GLKit.framework in Frameworks */ = {isa = PBXBuildFile; fileRef = 61A0CE8718F371A800B8217A /* GLKit.framework */; };
		61A0CE8A18F371AE00B8217A /* ImageIO.framework in Frameworks */ = {isa = PBXBuildFile; fileRef = 61A0CE8918F371AE00B8217A /* ImageIO.framework */; };
		61A0CE8C18F371BD00B8217A /* libc++.dylib in Frameworks */ = {isa = PBXBuildFile; fileRef = 61A0CE8B18F371BD00B8217A /* libc++.dylib */; };
		61A0CE8E18F371CD00B8217A /* libicucore.dylib in Frameworks */ = {isa = PBXBuildFile; fileRef = 61A0CE8D18F371CD00B8217A /* libicucore.dylib */; };
		61A0CE9018F371D400B8217A /* libz.dylib in Frameworks */ = {isa = PBXBuildFile; fileRef = 61A0CE8F18F371D400B8217A /* libz.dylib */; };
		61A0CE9218F371DB00B8217A /* OpenGLES.framework in Frameworks */ = {isa = PBXBuildFile; fileRef = 61A0CE9118F371DB00B8217A /* OpenGLES.framework */; };
		61A0CE9418F371E300B8217A /* QuartzCore.framework in Frameworks */ = {isa = PBXBuildFile; fileRef = 61A0CE9318F371E300B8217A /* QuartzCore.framework */; };
		61A0CE9618F371EC00B8217A /* SystemConfiguration.framework in Frameworks */ = {isa = PBXBuildFile; fileRef = 61A0CE9518F371EC00B8217A /* SystemConfiguration.framework */; };
		61E069C419060AA600900A71 /* JCCUserCredentials.m in Sources */ = {isa = PBXBuildFile; fileRef = 61E069C319060AA600900A71 /* JCCUserCredentials.m */; };
		61E069C71906D2DC00900A71 /* JCCRegistrationViewController.m in Sources */ = {isa = PBXBuildFile; fileRef = 61E069C61906D2DC00900A71 /* JCCRegistrationViewController.m */; };
		61FBB75118FCA78A00C55ECF /* JCCLoginViewController.m in Sources */ = {isa = PBXBuildFile; fileRef = 61FBB75018FCA78A00C55ECF /* JCCLoginViewController.m */; };
		755AAEF618F4779E00DB52D9 /* JCCViewController.m in Sources */ = {isa = PBXBuildFile; fileRef = 755AAEF518F4779E00DB52D9 /* JCCViewController.m */; };
		755AAEF918F5D50700DB52D9 /* JCCUserViewController.m in Sources */ = {isa = PBXBuildFile; fileRef = 755AAEF818F5D50700DB52D9 /* JCCUserViewController.m */; };
		755AAEFC18F7307600DB52D9 /* JCCEchoViewController.m in Sources */ = {isa = PBXBuildFile; fileRef = 755AAEFB18F7307600DB52D9 /* JCCEchoViewController.m */; };
		755AAEFF18FCAE0B00DB52D9 /* JCCReplyViewController.m in Sources */ = {isa = PBXBuildFile; fileRef = 755AAEFE18FCAE0B00DB52D9 /* JCCReplyViewController.m */; };
		755AAF0218FCB29C00DB52D9 /* JCCReplyTableViewController.m in Sources */ = {isa = PBXBuildFile; fileRef = 755AAF0118FCB29C00DB52D9 /* JCCReplyTableViewController.m */; };
/* End PBXBuildFile section */

/* Begin PBXContainerItemProxy section */
		61A0CE5318F08A8C00B8217A /* PBXContainerItemProxy */ = {
			isa = PBXContainerItemProxy;
			containerPortal = 61A0CE2518F08A8C00B8217A /* Project object */;
			proxyType = 1;
			remoteGlobalIDString = 61A0CE2C18F08A8C00B8217A;
			remoteInfo = ShoutApp;
		};
/* End PBXContainerItemProxy section */

/* Begin PBXFileReference section */
		619B901519106FB800B9E728 /* GoogleMaps.framework */ = {isa = PBXFileReference; lastKnownFileType = wrapper.framework; path = GoogleMaps.framework; sourceTree = "<group>"; };
		619B901719106FF500B9E728 /* GoogleMaps.bundle */ = {isa = PBXFileReference; lastKnownFileType = "wrapper.plug-in"; path = GoogleMaps.bundle; sourceTree = "<group>"; };
		61A0CE2D18F08A8C00B8217A /* ShoutApp.app */ = {isa = PBXFileReference; explicitFileType = wrapper.application; includeInIndex = 0; path = ShoutApp.app; sourceTree = BUILT_PRODUCTS_DIR; };
		61A0CE3018F08A8C00B8217A /* Foundation.framework */ = {isa = PBXFileReference; lastKnownFileType = wrapper.framework; name = Foundation.framework; path = System/Library/Frameworks/Foundation.framework; sourceTree = SDKROOT; };
		61A0CE3218F08A8C00B8217A /* CoreGraphics.framework */ = {isa = PBXFileReference; lastKnownFileType = wrapper.framework; name = CoreGraphics.framework; path = System/Library/Frameworks/CoreGraphics.framework; sourceTree = SDKROOT; };
		61A0CE3418F08A8C00B8217A /* UIKit.framework */ = {isa = PBXFileReference; lastKnownFileType = wrapper.framework; name = UIKit.framework; path = System/Library/Frameworks/UIKit.framework; sourceTree = SDKROOT; };
		61A0CE3818F08A8C00B8217A /* ShoutApp-Info.plist */ = {isa = PBXFileReference; lastKnownFileType = text.plist.xml; path = "ShoutApp-Info.plist"; sourceTree = "<group>"; };
		61A0CE3A18F08A8C00B8217A /* en */ = {isa = PBXFileReference; lastKnownFileType = text.plist.strings; name = en; path = en.lproj/InfoPlist.strings; sourceTree = "<group>"; };
		61A0CE3C18F08A8C00B8217A /* main.m */ = {isa = PBXFileReference; lastKnownFileType = sourcecode.c.objc; path = main.m; sourceTree = "<group>"; };
		61A0CE3E18F08A8C00B8217A /* ShoutApp-Prefix.pch */ = {isa = PBXFileReference; lastKnownFileType = sourcecode.c.h; path = "ShoutApp-Prefix.pch"; sourceTree = "<group>"; };
		61A0CE4818F08A8C00B8217A /* Images.xcassets */ = {isa = PBXFileReference; lastKnownFileType = folder.assetcatalog; path = Images.xcassets; sourceTree = "<group>"; };
		61A0CE4E18F08A8C00B8217A /* ShoutAppTests.xctest */ = {isa = PBXFileReference; explicitFileType = wrapper.cfbundle; includeInIndex = 0; path = ShoutAppTests.xctest; sourceTree = BUILT_PRODUCTS_DIR; };
		61A0CE4F18F08A8C00B8217A /* XCTest.framework */ = {isa = PBXFileReference; lastKnownFileType = wrapper.framework; name = XCTest.framework; path = Library/Frameworks/XCTest.framework; sourceTree = DEVELOPER_DIR; };
		61A0CE5718F08A8D00B8217A /* ShoutAppTests-Info.plist */ = {isa = PBXFileReference; lastKnownFileType = text.plist.xml; path = "ShoutAppTests-Info.plist"; sourceTree = "<group>"; };
		61A0CE5918F08A8D00B8217A /* en */ = {isa = PBXFileReference; lastKnownFileType = text.plist.strings; name = en; path = en.lproj/InfoPlist.strings; sourceTree = "<group>"; };
		61A0CE5B18F08A8D00B8217A /* ShoutAppTests.m */ = {isa = PBXFileReference; lastKnownFileType = sourcecode.c.objc; path = ShoutAppTests.m; sourceTree = "<group>"; };
		61A0CE6518F08AE300B8217A /* JCCAppDelegate.m */ = {isa = PBXFileReference; fileEncoding = 4; lastKnownFileType = sourcecode.c.objc; path = JCCAppDelegate.m; sourceTree = "<group>"; };
		61A0CE6618F08AE300B8217A /* JCCFeedTableViewController.m */ = {isa = PBXFileReference; fileEncoding = 4; lastKnownFileType = sourcecode.c.objc; path = JCCFeedTableViewController.m; sourceTree = "<group>"; };
		61A0CE6718F08AE300B8217A /* JCCAnnotation.h */ = {isa = PBXFileReference; fileEncoding = 4; lastKnownFileType = sourcecode.c.h; path = JCCAnnotation.h; sourceTree = "<group>"; };
		61A0CE6818F08AE300B8217A /* JCCAnnotation.m */ = {isa = PBXFileReference; fileEncoding = 4; lastKnownFileType = sourcecode.c.objc; path = JCCAnnotation.m; sourceTree = "<group>"; };
		61A0CE6C18F08AF400B8217A /* JCCAppDelegate.h */ = {isa = PBXFileReference; fileEncoding = 4; lastKnownFileType = sourcecode.c.h; path = JCCAppDelegate.h; sourceTree = "<group>"; };
		61A0CE6D18F08AF400B8217A /* JCCFeedTableViewController.h */ = {isa = PBXFileReference; fileEncoding = 4; lastKnownFileType = sourcecode.c.h; path = JCCFeedTableViewController.h; sourceTree = "<group>"; };
		61A0CE7018F08AF400B8217A /* JCCPostViewController.h */ = {isa = PBXFileReference; fileEncoding = 4; lastKnownFileType = sourcecode.c.h; path = JCCPostViewController.h; sourceTree = "<group>"; };
		61A0CE7118F08AF400B8217A /* JCCPostViewController.m */ = {isa = PBXFileReference; fileEncoding = 4; lastKnownFileType = sourcecode.c.objc; path = JCCPostViewController.m; sourceTree = "<group>"; };
		61A0CE7218F08AF400B8217A /* JCCTableViewCell.h */ = {isa = PBXFileReference; fileEncoding = 4; lastKnownFileType = sourcecode.c.h; path = JCCTableViewCell.h; sourceTree = "<group>"; };
		61A0CE7318F08AF400B8217A /* JCCTableViewCell.m */ = {isa = PBXFileReference; fileEncoding = 4; lastKnownFileType = sourcecode.c.objc; path = JCCTableViewCell.m; sourceTree = "<group>"; };
		61A0CE7718F08D1400B8217A /* CustomTableViewCell.xib */ = {isa = PBXFileReference; fileEncoding = 4; lastKnownFileType = file.xib; path = CustomTableViewCell.xib; sourceTree = "<group>"; };
		61A0CE7918F0A86C00B8217A /* CustomPostView.xib */ = {isa = PBXFileReference; fileEncoding = 4; lastKnownFileType = file.xib; path = CustomPostView.xib; sourceTree = "<group>"; };
		61A0CE7F18F3718600B8217A /* AVFoundation.framework */ = {isa = PBXFileReference; lastKnownFileType = wrapper.framework; name = AVFoundation.framework; path = System/Library/Frameworks/AVFoundation.framework; sourceTree = SDKROOT; };
		61A0CE8118F3718E00B8217A /* CoreData.framework */ = {isa = PBXFileReference; lastKnownFileType = wrapper.framework; name = CoreData.framework; path = System/Library/Frameworks/CoreData.framework; sourceTree = SDKROOT; };
		61A0CE8318F3719400B8217A /* CoreLocation.framework */ = {isa = PBXFileReference; lastKnownFileType = wrapper.framework; name = CoreLocation.framework; path = System/Library/Frameworks/CoreLocation.framework; sourceTree = SDKROOT; };
		61A0CE8518F3719A00B8217A /* CoreText.framework */ = {isa = PBXFileReference; lastKnownFileType = wrapper.framework; name = CoreText.framework; path = System/Library/Frameworks/CoreText.framework; sourceTree = SDKROOT; };
		61A0CE8718F371A800B8217A /* GLKit.framework */ = {isa = PBXFileReference; lastKnownFileType = wrapper.framework; name = GLKit.framework; path = System/Library/Frameworks/GLKit.framework; sourceTree = SDKROOT; };
		61A0CE8918F371AE00B8217A /* ImageIO.framework */ = {isa = PBXFileReference; lastKnownFileType = wrapper.framework; name = ImageIO.framework; path = System/Library/Frameworks/ImageIO.framework; sourceTree = SDKROOT; };
		61A0CE8B18F371BD00B8217A /* libc++.dylib */ = {isa = PBXFileReference; lastKnownFileType = "compiled.mach-o.dylib"; name = "libc++.dylib"; path = "usr/lib/libc++.dylib"; sourceTree = SDKROOT; };
		61A0CE8D18F371CD00B8217A /* libicucore.dylib */ = {isa = PBXFileReference; lastKnownFileType = "compiled.mach-o.dylib"; name = libicucore.dylib; path = usr/lib/libicucore.dylib; sourceTree = SDKROOT; };
		61A0CE8F18F371D400B8217A /* libz.dylib */ = {isa = PBXFileReference; lastKnownFileType = "compiled.mach-o.dylib"; name = libz.dylib; path = usr/lib/libz.dylib; sourceTree = SDKROOT; };
		61A0CE9118F371DB00B8217A /* OpenGLES.framework */ = {isa = PBXFileReference; lastKnownFileType = wrapper.framework; name = OpenGLES.framework; path = System/Library/Frameworks/OpenGLES.framework; sourceTree = SDKROOT; };
		61A0CE9318F371E300B8217A /* QuartzCore.framework */ = {isa = PBXFileReference; lastKnownFileType = wrapper.framework; name = QuartzCore.framework; path = System/Library/Frameworks/QuartzCore.framework; sourceTree = SDKROOT; };
		61A0CE9518F371EC00B8217A /* SystemConfiguration.framework */ = {isa = PBXFileReference; lastKnownFileType = wrapper.framework; name = SystemConfiguration.framework; path = System/Library/Frameworks/SystemConfiguration.framework; sourceTree = SDKROOT; };
		61E069C219060AA600900A71 /* JCCUserCredentials.h */ = {isa = PBXFileReference; fileEncoding = 4; lastKnownFileType = sourcecode.c.h; path = JCCUserCredentials.h; sourceTree = "<group>"; };
		61E069C319060AA600900A71 /* JCCUserCredentials.m */ = {isa = PBXFileReference; fileEncoding = 4; lastKnownFileType = sourcecode.c.objc; path = JCCUserCredentials.m; sourceTree = "<group>"; };
		61E069C51906D2DC00900A71 /* JCCRegistrationViewController.h */ = {isa = PBXFileReference; fileEncoding = 4; lastKnownFileType = sourcecode.c.h; path = JCCRegistrationViewController.h; sourceTree = "<group>"; };
		61E069C61906D2DC00900A71 /* JCCRegistrationViewController.m */ = {isa = PBXFileReference; fileEncoding = 4; lastKnownFileType = sourcecode.c.objc; path = JCCRegistrationViewController.m; sourceTree = "<group>"; };
		61FBB74F18FCA78A00C55ECF /* JCCLoginViewController.h */ = {isa = PBXFileReference; fileEncoding = 4; lastKnownFileType = sourcecode.c.h; path = JCCLoginViewController.h; sourceTree = "<group>"; };
		61FBB75018FCA78A00C55ECF /* JCCLoginViewController.m */ = {isa = PBXFileReference; fileEncoding = 4; lastKnownFileType = sourcecode.c.objc; path = JCCLoginViewController.m; sourceTree = "<group>"; };
		755AAEF418F4779E00DB52D9 /* JCCViewController.h */ = {isa = PBXFileReference; fileEncoding = 4; lastKnownFileType = sourcecode.c.h; path = JCCViewController.h; sourceTree = "<group>"; };
		755AAEF518F4779E00DB52D9 /* JCCViewController.m */ = {isa = PBXFileReference; fileEncoding = 4; lastKnownFileType = sourcecode.c.objc; path = JCCViewController.m; sourceTree = "<group>"; };
		755AAEF718F5D50700DB52D9 /* JCCUserViewController.h */ = {isa = PBXFileReference; fileEncoding = 4; lastKnownFileType = sourcecode.c.h; path = JCCUserViewController.h; sourceTree = "<group>"; };
		755AAEF818F5D50700DB52D9 /* JCCUserViewController.m */ = {isa = PBXFileReference; fileEncoding = 4; lastKnownFileType = sourcecode.c.objc; path = JCCUserViewController.m; sourceTree = "<group>"; };
		755AAEFA18F7307600DB52D9 /* JCCEchoViewController.h */ = {isa = PBXFileReference; fileEncoding = 4; lastKnownFileType = sourcecode.c.h; path = JCCEchoViewController.h; sourceTree = "<group>"; };
		755AAEFB18F7307600DB52D9 /* JCCEchoViewController.m */ = {isa = PBXFileReference; fileEncoding = 4; lastKnownFileType = sourcecode.c.objc; path = JCCEchoViewController.m; sourceTree = "<group>"; };
		755AAEFD18FCAE0B00DB52D9 /* JCCReplyViewController.h */ = {isa = PBXFileReference; fileEncoding = 4; lastKnownFileType = sourcecode.c.h; path = JCCReplyViewController.h; sourceTree = "<group>"; };
		755AAEFE18FCAE0B00DB52D9 /* JCCReplyViewController.m */ = {isa = PBXFileReference; fileEncoding = 4; lastKnownFileType = sourcecode.c.objc; path = JCCReplyViewController.m; sourceTree = "<group>"; };
		755AAF0018FCB29C00DB52D9 /* JCCReplyTableViewController.h */ = {isa = PBXFileReference; fileEncoding = 4; lastKnownFileType = sourcecode.c.h; path = JCCReplyTableViewController.h; sourceTree = "<group>"; };
		755AAF0118FCB29C00DB52D9 /* JCCReplyTableViewController.m */ = {isa = PBXFileReference; fileEncoding = 4; lastKnownFileType = sourcecode.c.objc; path = JCCReplyTableViewController.m; sourceTree = "<group>"; };
/* End PBXFileReference section */

/* Begin PBXFrameworksBuildPhase section */
		61A0CE2A18F08A8C00B8217A /* Frameworks */ = {
			isa = PBXFrameworksBuildPhase;
			buildActionMask = 2147483647;
			files = (
				61A0CE9618F371EC00B8217A /* SystemConfiguration.framework in Frameworks */,
				61A0CE9418F371E300B8217A /* QuartzCore.framework in Frameworks */,
				61A0CE9218F371DB00B8217A /* OpenGLES.framework in Frameworks */,
				61A0CE9018F371D400B8217A /* libz.dylib in Frameworks */,
				61A0CE8E18F371CD00B8217A /* libicucore.dylib in Frameworks */,
				61A0CE8C18F371BD00B8217A /* libc++.dylib in Frameworks */,
				61A0CE8A18F371AE00B8217A /* ImageIO.framework in Frameworks */,
				61A0CE8818F371A800B8217A /* GLKit.framework in Frameworks */,
				61A0CE8618F3719A00B8217A /* CoreText.framework in Frameworks */,
				61A0CE8418F3719400B8217A /* CoreLocation.framework in Frameworks */,
				61A0CE8218F3718E00B8217A /* CoreData.framework in Frameworks */,
				61A0CE8018F3718600B8217A /* AVFoundation.framework in Frameworks */,
				61A0CE3318F08A8C00B8217A /* CoreGraphics.framework in Frameworks */,
				61A0CE3518F08A8C00B8217A /* UIKit.framework in Frameworks */,
				619B901619106FB800B9E728 /* GoogleMaps.framework in Frameworks */,
				61A0CE3118F08A8C00B8217A /* Foundation.framework in Frameworks */,
			);
			runOnlyForDeploymentPostprocessing = 0;
		};
		61A0CE4B18F08A8C00B8217A /* Frameworks */ = {
			isa = PBXFrameworksBuildPhase;
			buildActionMask = 2147483647;
			files = (
				61A0CE5018F08A8C00B8217A /* XCTest.framework in Frameworks */,
				61A0CE5218F08A8C00B8217A /* UIKit.framework in Frameworks */,
				61A0CE5118F08A8C00B8217A /* Foundation.framework in Frameworks */,
			);
			runOnlyForDeploymentPostprocessing = 0;
		};
/* End PBXFrameworksBuildPhase section */

/* Begin PBXGroup section */
		61A0CE2418F08A8C00B8217A = {
			isa = PBXGroup;
			children = (
				61A0CE3618F08A8C00B8217A /* ShoutApp */,
				61A0CE5518F08A8C00B8217A /* ShoutAppTests */,
				61A0CE2F18F08A8C00B8217A /* Frameworks */,
				61A0CE2E18F08A8C00B8217A /* Products */,
			);
			sourceTree = "<group>";
		};
		61A0CE2E18F08A8C00B8217A /* Products */ = {
			isa = PBXGroup;
			children = (
				61A0CE2D18F08A8C00B8217A /* ShoutApp.app */,
				61A0CE4E18F08A8C00B8217A /* ShoutAppTests.xctest */,
			);
			name = Products;
			sourceTree = "<group>";
		};
		61A0CE2F18F08A8C00B8217A /* Frameworks */ = {
			isa = PBXGroup;
			children = (
				619B901719106FF500B9E728 /* GoogleMaps.bundle */,
				619B901519106FB800B9E728 /* GoogleMaps.framework */,
				61A0CE9518F371EC00B8217A /* SystemConfiguration.framework */,
				61A0CE9318F371E300B8217A /* QuartzCore.framework */,
				61A0CE9118F371DB00B8217A /* OpenGLES.framework */,
				61A0CE8F18F371D400B8217A /* libz.dylib */,
				61A0CE8D18F371CD00B8217A /* libicucore.dylib */,
				61A0CE8B18F371BD00B8217A /* libc++.dylib */,
				61A0CE8918F371AE00B8217A /* ImageIO.framework */,
				61A0CE8718F371A800B8217A /* GLKit.framework */,
				61A0CE8518F3719A00B8217A /* CoreText.framework */,
				61A0CE8318F3719400B8217A /* CoreLocation.framework */,
				61A0CE8118F3718E00B8217A /* CoreData.framework */,
				61A0CE7F18F3718600B8217A /* AVFoundation.framework */,
				61A0CE3018F08A8C00B8217A /* Foundation.framework */,
				61A0CE3218F08A8C00B8217A /* CoreGraphics.framework */,
				61A0CE3418F08A8C00B8217A /* UIKit.framework */,
				61A0CE4F18F08A8C00B8217A /* XCTest.framework */,
			);
			name = Frameworks;
			sourceTree = "<group>";
		};
		61A0CE3618F08A8C00B8217A /* ShoutApp */ = {
			isa = PBXGroup;
			children = (
				755AAF081901B50A00DB52D9 /* Echo */,
				755AAF071901B4D300DB52D9 /* Post */,
				61E069C81906D38400900A71 /* Registration */,
				755AAF061901B4C700DB52D9 /* Login */,
				755AAF051901B4BC00DB52D9 /* User */,
				755AAF031901B48900DB52D9 /* Reply */,
				755AAF041901B4A500DB52D9 /* Feed */,
				61E069C91906D3AA00900A71 /* General */,
				61A0CE4818F08A8C00B8217A /* Images.xcassets */,
				61A0CE3718F08A8C00B8217A /* Supporting Files */,
			);
			path = ShoutApp;
			sourceTree = "<group>";
		};
		61A0CE3718F08A8C00B8217A /* Supporting Files */ = {
			isa = PBXGroup;
			children = (
				61A0CE3818F08A8C00B8217A /* ShoutApp-Info.plist */,
				61A0CE3918F08A8C00B8217A /* InfoPlist.strings */,
				61A0CE3C18F08A8C00B8217A /* main.m */,
				61A0CE3E18F08A8C00B8217A /* ShoutApp-Prefix.pch */,
			);
			name = "Supporting Files";
			sourceTree = "<group>";
		};
		61A0CE5518F08A8C00B8217A /* ShoutAppTests */ = {
			isa = PBXGroup;
			children = (
				61A0CE5B18F08A8D00B8217A /* ShoutAppTests.m */,
				61A0CE5618F08A8D00B8217A /* Supporting Files */,
			);
			path = ShoutAppTests;
			sourceTree = "<group>";
		};
		61A0CE5618F08A8D00B8217A /* Supporting Files */ = {
			isa = PBXGroup;
			children = (
				61A0CE5718F08A8D00B8217A /* ShoutAppTests-Info.plist */,
				61A0CE5818F08A8D00B8217A /* InfoPlist.strings */,
			);
			name = "Supporting Files";
			sourceTree = "<group>";
		};
		61E069C81906D38400900A71 /* Registration */ = {
			isa = PBXGroup;
			children = (
				61E069C51906D2DC00900A71 /* JCCRegistrationViewController.h */,
				61E069C61906D2DC00900A71 /* JCCRegistrationViewController.m */,
			);
			name = Registration;
			sourceTree = "<group>";
		};
		61E069C91906D3AA00900A71 /* General */ = {
			isa = PBXGroup;
			children = (
				61E069C219060AA600900A71 /* JCCUserCredentials.h */,
				61E069C319060AA600900A71 /* JCCUserCredentials.m */,
				61A0CE6C18F08AF400B8217A /* JCCAppDelegate.h */,
				61A0CE6518F08AE300B8217A /* JCCAppDelegate.m */,
				61A0CE6718F08AE300B8217A /* JCCAnnotation.h */,
				61A0CE6818F08AE300B8217A /* JCCAnnotation.m */,
			);
			name = General;
			sourceTree = "<group>";
		};
		755AAF031901B48900DB52D9 /* Reply */ = {
			isa = PBXGroup;
			children = (
				755AAEFD18FCAE0B00DB52D9 /* JCCReplyViewController.h */,
				755AAEFE18FCAE0B00DB52D9 /* JCCReplyViewController.m */,
				755AAF0018FCB29C00DB52D9 /* JCCReplyTableViewController.h */,
				755AAF0118FCB29C00DB52D9 /* JCCReplyTableViewController.m */,
			);
			name = Reply;
			sourceTree = "<group>";
		};
		755AAF041901B4A500DB52D9 /* Feed */ = {
			isa = PBXGroup;
			children = (
				61A0CE7218F08AF400B8217A /* JCCTableViewCell.h */,
				61A0CE7318F08AF400B8217A /* JCCTableViewCell.m */,
				61A0CE7718F08D1400B8217A /* CustomTableViewCell.xib */,
				755AAEF418F4779E00DB52D9 /* JCCViewController.h */,
				755AAEF518F4779E00DB52D9 /* JCCViewController.m */,
				61A0CE6D18F08AF400B8217A /* JCCFeedTableViewController.h */,
				61A0CE6618F08AE300B8217A /* JCCFeedTableViewController.m */,
			);
			name = Feed;
			sourceTree = "<group>";
		};
		755AAF051901B4BC00DB52D9 /* User */ = {
			isa = PBXGroup;
			children = (
				755AAEF718F5D50700DB52D9 /* JCCUserViewController.h */,
				755AAEF818F5D50700DB52D9 /* JCCUserViewController.m */,
			);
			name = User;
			sourceTree = "<group>";
		};
		755AAF061901B4C700DB52D9 /* Login */ = {
			isa = PBXGroup;
			children = (
				61FBB74F18FCA78A00C55ECF /* JCCLoginViewController.h */,
				61FBB75018FCA78A00C55ECF /* JCCLoginViewController.m */,
			);
			name = Login;
			sourceTree = "<group>";
		};
		755AAF071901B4D300DB52D9 /* Post */ = {
			isa = PBXGroup;
			children = (
				61A0CE7918F0A86C00B8217A /* CustomPostView.xib */,
				61A0CE7018F08AF400B8217A /* JCCPostViewController.h */,
				61A0CE7118F08AF400B8217A /* JCCPostViewController.m */,
			);
			name = Post;
			sourceTree = "<group>";
		};
		755AAF081901B50A00DB52D9 /* Echo */ = {
			isa = PBXGroup;
			children = (
				755AAEFA18F7307600DB52D9 /* JCCEchoViewController.h */,
				755AAEFB18F7307600DB52D9 /* JCCEchoViewController.m */,
			);
			name = Echo;
			sourceTree = "<group>";
		};
/* End PBXGroup section */

/* Begin PBXNativeTarget section */
		61A0CE2C18F08A8C00B8217A /* ShoutApp */ = {
			isa = PBXNativeTarget;
			buildConfigurationList = 61A0CE5F18F08A8D00B8217A /* Build configuration list for PBXNativeTarget "ShoutApp" */;
			buildPhases = (
				61A0CE2918F08A8C00B8217A /* Sources */,
				61A0CE2A18F08A8C00B8217A /* Frameworks */,
				61A0CE2B18F08A8C00B8217A /* Resources */,
			);
			buildRules = (
			);
			dependencies = (
			);
			name = ShoutApp;
			productName = ShoutApp;
			productReference = 61A0CE2D18F08A8C00B8217A /* ShoutApp.app */;
			productType = "com.apple.product-type.application";
		};
		61A0CE4D18F08A8C00B8217A /* ShoutAppTests */ = {
			isa = PBXNativeTarget;
			buildConfigurationList = 61A0CE6218F08A8D00B8217A /* Build configuration list for PBXNativeTarget "ShoutAppTests" */;
			buildPhases = (
				61A0CE4A18F08A8C00B8217A /* Sources */,
				61A0CE4B18F08A8C00B8217A /* Frameworks */,
				61A0CE4C18F08A8C00B8217A /* Resources */,
			);
			buildRules = (
			);
			dependencies = (
				61A0CE5418F08A8C00B8217A /* PBXTargetDependency */,
			);
			name = ShoutAppTests;
			productName = ShoutAppTests;
			productReference = 61A0CE4E18F08A8C00B8217A /* ShoutAppTests.xctest */;
			productType = "com.apple.product-type.bundle.unit-test";
		};
/* End PBXNativeTarget section */

/* Begin PBXProject section */
		61A0CE2518F08A8C00B8217A /* Project object */ = {
			isa = PBXProject;
			attributes = {
				CLASSPREFIX = JCC;
				LastUpgradeCheck = 0510;
				ORGANIZATIONNAME = Shout;
				TargetAttributes = {
					61A0CE2C18F08A8C00B8217A = {
						DevelopmentTeam = WKRZ8G7B5R;
					};
					61A0CE4D18F08A8C00B8217A = {
						TestTargetID = 61A0CE2C18F08A8C00B8217A;
					};
				};
			};
			buildConfigurationList = 61A0CE2818F08A8C00B8217A /* Build configuration list for PBXProject "ShoutApp" */;
			compatibilityVersion = "Xcode 3.2";
			developmentRegion = English;
			hasScannedForEncodings = 0;
			knownRegions = (
				en,
				Base,
				ar,
				ca,
				cs,
				da,
				de,
				el,
				en_GB,
				es,
				fi,
				fr,
				he,
				hr,
				hu,
				id,
				it,
				ja,
				ko,
				ms,
				nl,
				no,
				pl,
				pt,
				pt_PT,
				ro,
				ru,
				sk,
				sv,
				th,
				tr,
				uk,
				vi,
				zh_CN,
				zh_TW,
			);
			mainGroup = 61A0CE2418F08A8C00B8217A;
			productRefGroup = 61A0CE2E18F08A8C00B8217A /* Products */;
			projectDirPath = "";
			projectRoot = "";
			targets = (
				61A0CE2C18F08A8C00B8217A /* ShoutApp */,
				61A0CE4D18F08A8C00B8217A /* ShoutAppTests */,
			);
		};
/* End PBXProject section */

/* Begin PBXResourcesBuildPhase section */
		61A0CE2B18F08A8C00B8217A /* Resources */ = {
			isa = PBXResourcesBuildPhase;
			buildActionMask = 2147483647;
			files = (
				61A0CE4918F08A8C00B8217A /* Images.xcassets in Resources */,
				61A0CE3B18F08A8C00B8217A /* InfoPlist.strings in Resources */,
				61A0CE7818F08D1500B8217A /* CustomTableViewCell.xib in Resources */,
				61A0CE7A18F0A86C00B8217A /* CustomPostView.xib in Resources */,
				619B901819106FF500B9E728 /* GoogleMaps.bundle in Resources */,
			);
			runOnlyForDeploymentPostprocessing = 0;
		};
		61A0CE4C18F08A8C00B8217A /* Resources */ = {
			isa = PBXResourcesBuildPhase;
			buildActionMask = 2147483647;
			files = (
				61A0CE5A18F08A8D00B8217A /* InfoPlist.strings in Resources */,
			);
			runOnlyForDeploymentPostprocessing = 0;
		};
/* End PBXResourcesBuildPhase section */

/* Begin PBXSourcesBuildPhase section */
		61A0CE2918F08A8C00B8217A /* Sources */ = {
			isa = PBXSourcesBuildPhase;
			buildActionMask = 2147483647;
			files = (
				755AAEFF18FCAE0B00DB52D9 /* JCCReplyViewController.m in Sources */,
				755AAF0218FCB29C00DB52D9 /* JCCReplyTableViewController.m in Sources */,
				61E069C419060AA600900A71 /* JCCUserCredentials.m in Sources */,
				755AAEF918F5D50700DB52D9 /* JCCUserViewController.m in Sources */,
				61A0CE7618F08AF400B8217A /* JCCTableViewCell.m in Sources */,
				61A0CE6A18F08AE300B8217A /* JCCFeedTableViewController.m in Sources */,
				61A0CE6B18F08AE300B8217A /* JCCAnnotation.m in Sources */,
				61A0CE3D18F08A8C00B8217A /* main.m in Sources */,
				61FBB75118FCA78A00C55ECF /* JCCLoginViewController.m in Sources */,
				755AAEFC18F7307600DB52D9 /* JCCEchoViewController.m in Sources */,
				61A0CE7518F08AF400B8217A /* JCCPostViewController.m in Sources */,
				755AAEF618F4779E00DB52D9 /* JCCViewController.m in Sources */,
				61E069C71906D2DC00900A71 /* JCCRegistrationViewController.m in Sources */,
				61A0CE6918F08AE300B8217A /* JCCAppDelegate.m in Sources */,
			);
			runOnlyForDeploymentPostprocessing = 0;
		};
		61A0CE4A18F08A8C00B8217A /* Sources */ = {
			isa = PBXSourcesBuildPhase;
			buildActionMask = 2147483647;
			files = (
				61A0CE5C18F08A8D00B8217A /* ShoutAppTests.m in Sources */,
			);
			runOnlyForDeploymentPostprocessing = 0;
		};
/* End PBXSourcesBuildPhase section */

/* Begin PBXTargetDependency section */
		61A0CE5418F08A8C00B8217A /* PBXTargetDependency */ = {
			isa = PBXTargetDependency;
			target = 61A0CE2C18F08A8C00B8217A /* ShoutApp */;
			targetProxy = 61A0CE5318F08A8C00B8217A /* PBXContainerItemProxy */;
		};
/* End PBXTargetDependency section */

/* Begin PBXVariantGroup section */
		61A0CE3918F08A8C00B8217A /* InfoPlist.strings */ = {
			isa = PBXVariantGroup;
			children = (
				61A0CE3A18F08A8C00B8217A /* en */,
			);
			name = InfoPlist.strings;
			sourceTree = "<group>";
		};
		61A0CE5818F08A8D00B8217A /* InfoPlist.strings */ = {
			isa = PBXVariantGroup;
			children = (
				61A0CE5918F08A8D00B8217A /* en */,
			);
			name = InfoPlist.strings;
			sourceTree = "<group>";
		};
/* End PBXVariantGroup section */

/* Begin XCBuildConfiguration section */
		61A0CE5D18F08A8D00B8217A /* Debug */ = {
			isa = XCBuildConfiguration;
			buildSettings = {
				ALWAYS_SEARCH_USER_PATHS = NO;
				CLANG_CXX_LANGUAGE_STANDARD = "gnu++0x";
				CLANG_CXX_LIBRARY = "libc++";
				CLANG_ENABLE_MODULES = YES;
				CLANG_ENABLE_OBJC_ARC = YES;
				CLANG_WARN_BOOL_CONVERSION = YES;
				CLANG_WARN_CONSTANT_CONVERSION = YES;
				CLANG_WARN_DIRECT_OBJC_ISA_USAGE = YES_ERROR;
				CLANG_WARN_EMPTY_BODY = YES;
				CLANG_WARN_ENUM_CONVERSION = YES;
				CLANG_WARN_INT_CONVERSION = YES;
				CLANG_WARN_OBJC_ROOT_CLASS = YES_ERROR;
				CLANG_WARN__DUPLICATE_METHOD_MATCH = YES;
				"CODE_SIGN_IDENTITY[sdk=iphoneos*]" = "iPhone Developer";
				COPY_PHASE_STRIP = NO;
				GCC_C_LANGUAGE_STANDARD = gnu99;
				GCC_DYNAMIC_NO_PIC = NO;
				GCC_OPTIMIZATION_LEVEL = 0;
				GCC_PREPROCESSOR_DEFINITIONS = (
					"DEBUG=1",
					"$(inherited)",
				);
				GCC_SYMBOLS_PRIVATE_EXTERN = NO;
				GCC_WARN_64_TO_32_BIT_CONVERSION = YES;
				GCC_WARN_ABOUT_RETURN_TYPE = YES_ERROR;
				GCC_WARN_UNDECLARED_SELECTOR = YES;
				GCC_WARN_UNINITIALIZED_AUTOS = YES_AGGRESSIVE;
				GCC_WARN_UNUSED_FUNCTION = YES;
				GCC_WARN_UNUSED_VARIABLE = YES;
				IPHONEOS_DEPLOYMENT_TARGET = 7.1;
				ONLY_ACTIVE_ARCH = YES;
				"OTHER_LDFLAGS[arch=*]" = "-ObjC";
				SDKROOT = iphoneos;
			};
			name = Debug;
		};
		61A0CE5E18F08A8D00B8217A /* Release */ = {
			isa = XCBuildConfiguration;
			buildSettings = {
				ALWAYS_SEARCH_USER_PATHS = NO;
				CLANG_CXX_LANGUAGE_STANDARD = "gnu++0x";
				CLANG_CXX_LIBRARY = "libc++";
				CLANG_ENABLE_MODULES = YES;
				CLANG_ENABLE_OBJC_ARC = YES;
				CLANG_WARN_BOOL_CONVERSION = YES;
				CLANG_WARN_CONSTANT_CONVERSION = YES;
				CLANG_WARN_DIRECT_OBJC_ISA_USAGE = YES_ERROR;
				CLANG_WARN_EMPTY_BODY = YES;
				CLANG_WARN_ENUM_CONVERSION = YES;
				CLANG_WARN_INT_CONVERSION = YES;
				CLANG_WARN_OBJC_ROOT_CLASS = YES_ERROR;
				CLANG_WARN__DUPLICATE_METHOD_MATCH = YES;
				"CODE_SIGN_IDENTITY[sdk=iphoneos*]" = "iPhone Developer";
				COPY_PHASE_STRIP = YES;
				ENABLE_NS_ASSERTIONS = NO;
				GCC_C_LANGUAGE_STANDARD = gnu99;
				GCC_WARN_64_TO_32_BIT_CONVERSION = YES;
				GCC_WARN_ABOUT_RETURN_TYPE = YES_ERROR;
				GCC_WARN_UNDECLARED_SELECTOR = YES;
				GCC_WARN_UNINITIALIZED_AUTOS = YES_AGGRESSIVE;
				GCC_WARN_UNUSED_FUNCTION = YES;
				GCC_WARN_UNUSED_VARIABLE = YES;
				IPHONEOS_DEPLOYMENT_TARGET = 7.1;
				"OTHER_LDFLAGS[arch=*]" = "-ObjC";
				SDKROOT = iphoneos;
				VALIDATE_PRODUCT = YES;
			};
			name = Release;
		};
		61A0CE6018F08A8D00B8217A /* Debug */ = {
			isa = XCBuildConfiguration;
			buildSettings = {
				ASSETCATALOG_COMPILER_APPICON_NAME = AppIcon;
				ASSETCATALOG_COMPILER_LAUNCHIMAGE_NAME = LaunchImage;
				CODE_SIGN_IDENTITY = "iPhone Developer";
				FRAMEWORK_SEARCH_PATHS = (
					"$(inherited)",
					"/Users/JGriggs/Downloads/GoogleMaps-iOS-1.7.2",
					"/Users/cameronporter/Downloads/GoogleMaps-iOS-1.7.2",
					"$(PROJECT_DIR)/GoogleMapsSDKDemos",
					"$(PROJECT_DIR)",
				);
				GCC_PRECOMPILE_PREFIX_HEADER = YES;
				GCC_PREFIX_HEADER = "ShoutApp/ShoutApp-Prefix.pch";
				INFOPLIST_FILE = "ShoutApp/ShoutApp-Info.plist";
				PRODUCT_NAME = "$(TARGET_NAME)";
				TARGETED_DEVICE_FAMILY = 1;
				WRAPPER_EXTENSION = app;
			};
			name = Debug;
		};
		61A0CE6118F08A8D00B8217A /* Release */ = {
			isa = XCBuildConfiguration;
			buildSettings = {
				ASSETCATALOG_COMPILER_APPICON_NAME = AppIcon;
				ASSETCATALOG_COMPILER_LAUNCHIMAGE_NAME = LaunchImage;
				CODE_SIGN_IDENTITY = "iPhone Developer";
				FRAMEWORK_SEARCH_PATHS = (
					"$(inherited)",
					"/Users/JGriggs/Downloads/GoogleMaps-iOS-1.7.2",
					"/Users/cameronporter/Downloads/GoogleMaps-iOS-1.7.2",
					"$(PROJECT_DIR)/GoogleMapsSDKDemos",
					"$(PROJECT_DIR)",
				);
				GCC_PRECOMPILE_PREFIX_HEADER = YES;
				GCC_PREFIX_HEADER = "ShoutApp/ShoutApp-Prefix.pch";
				INFOPLIST_FILE = "ShoutApp/ShoutApp-Info.plist";
				PRODUCT_NAME = "$(TARGET_NAME)";
				TARGETED_DEVICE_FAMILY = 1;
				WRAPPER_EXTENSION = app;
			};
			name = Release;
		};
		61A0CE6318F08A8D00B8217A /* Debug */ = {
			isa = XCBuildConfiguration;
			buildSettings = {
				BUNDLE_LOADER = "$(BUILT_PRODUCTS_DIR)/ShoutApp.app/ShoutApp";
				FRAMEWORK_SEARCH_PATHS = (
					"$(SDKROOT)/Developer/Library/Frameworks",
					"$(inherited)",
					"$(DEVELOPER_FRAMEWORKS_DIR)",
				);
				GCC_PRECOMPILE_PREFIX_HEADER = YES;
				GCC_PREFIX_HEADER = "ShoutApp/ShoutApp-Prefix.pch";
				GCC_PREPROCESSOR_DEFINITIONS = (
					"DEBUG=1",
					"$(inherited)",
				);
				INFOPLIST_FILE = "ShoutAppTests/ShoutAppTests-Info.plist";
				PRODUCT_NAME = "$(TARGET_NAME)";
				TEST_HOST = "$(BUNDLE_LOADER)";
				WRAPPER_EXTENSION = xctest;
			};
			name = Debug;
		};
		61A0CE6418F08A8D00B8217A /* Release */ = {
			isa = XCBuildConfiguration;
			buildSettings = {
				BUNDLE_LOADER = "$(BUILT_PRODUCTS_DIR)/ShoutApp.app/ShoutApp";
				FRAMEWORK_SEARCH_PATHS = (
					"$(SDKROOT)/Developer/Library/Frameworks",
					"$(inherited)",
					"$(DEVELOPER_FRAMEWORKS_DIR)",
				);
				GCC_PRECOMPILE_PREFIX_HEADER = YES;
				GCC_PREFIX_HEADER = "ShoutApp/ShoutApp-Prefix.pch";
				INFOPLIST_FILE = "ShoutAppTests/ShoutAppTests-Info.plist";
				PRODUCT_NAME = "$(TARGET_NAME)";
				TEST_HOST = "$(BUNDLE_LOADER)";
				WRAPPER_EXTENSION = xctest;
			};
			name = Release;
		};
/* End XCBuildConfiguration section */

/* Begin XCConfigurationList section */
		61A0CE2818F08A8C00B8217A /* Build configuration list for PBXProject "ShoutApp" */ = {
			isa = XCConfigurationList;
			buildConfigurations = (
				61A0CE5D18F08A8D00B8217A /* Debug */,
				61A0CE5E18F08A8D00B8217A /* Release */,
			);
			defaultConfigurationIsVisible = 0;
			defaultConfigurationName = Release;
		};
		61A0CE5F18F08A8D00B8217A /* Build configuration list for PBXNativeTarget "ShoutApp" */ = {
			isa = XCConfigurationList;
			buildConfigurations = (
				61A0CE6018F08A8D00B8217A /* Debug */,
				61A0CE6118F08A8D00B8217A /* Release */,
			);
			defaultConfigurationIsVisible = 0;
			defaultConfigurationName = Release;
		};
		61A0CE6218F08A8D00B8217A /* Build configuration list for PBXNativeTarget "ShoutAppTests" */ = {
			isa = XCConfigurationList;
			buildConfigurations = (
				61A0CE6318F08A8D00B8217A /* Debug */,
				61A0CE6418F08A8D00B8217A /* Release */,
			);
			defaultConfigurationIsVisible = 0;
			defaultConfigurationName = Release;
		};
/* End XCConfigurationList section */
	};
	rootObject = 61A0CE2518F08A8C00B8217A /* Project object */;
}
