// !$*UTF8*$!
{
	archiveVersion = 1;
	classes = {
	};
	objectVersion = 46;
	objects = {

/* Begin PBXBuildFile section */
		61A9709318E142FA00398758 /* Foundation.framework in Frameworks */ = {isa = PBXBuildFile; fileRef = 61A9709218E142FA00398758 /* Foundation.framework */; };
		61A9709518E142FA00398758 /* CoreGraphics.framework in Frameworks */ = {isa = PBXBuildFile; fileRef = 61A9709418E142FA00398758 /* CoreGraphics.framework */; };
		61A9709718E142FA00398758 /* UIKit.framework in Frameworks */ = {isa = PBXBuildFile; fileRef = 61A9709618E142FA00398758 /* UIKit.framework */; };
		61A9709D18E142FA00398758 /* InfoPlist.strings in Resources */ = {isa = PBXBuildFile; fileRef = 61A9709B18E142FA00398758 /* InfoPlist.strings */; };
		61A9709F18E142FA00398758 /* main.m in Sources */ = {isa = PBXBuildFile; fileRef = 61A9709E18E142FA00398758 /* main.m */; };
		61A970A318E142FA00398758 /* XYZAppDelegate.m in Sources */ = {isa = PBXBuildFile; fileRef = 61A970A218E142FA00398758 /* XYZAppDelegate.m */; };
		61A970A618E142FB00398758 /* Main.storyboard in Resources */ = {isa = PBXBuildFile; fileRef = 61A970A418E142FB00398758 /* Main.storyboard */; };
		61A970A918E142FB00398758 /* XYZViewController.m in Sources */ = {isa = PBXBuildFile; fileRef = 61A970A818E142FB00398758 /* XYZViewController.m */; };
		61A970AB18E142FB00398758 /* Images.xcassets in Resources */ = {isa = PBXBuildFile; fileRef = 61A970AA18E142FB00398758 /* Images.xcassets */; };
		61A970B218E142FB00398758 /* XCTest.framework in Frameworks */ = {isa = PBXBuildFile; fileRef = 61A970B118E142FB00398758 /* XCTest.framework */; };
		61A970B318E142FB00398758 /* Foundation.framework in Frameworks */ = {isa = PBXBuildFile; fileRef = 61A9709218E142FA00398758 /* Foundation.framework */; };
		61A970B418E142FB00398758 /* UIKit.framework in Frameworks */ = {isa = PBXBuildFile; fileRef = 61A9709618E142FA00398758 /* UIKit.framework */; };
		61A970BC18E142FB00398758 /* InfoPlist.strings in Resources */ = {isa = PBXBuildFile; fileRef = 61A970BA18E142FB00398758 /* InfoPlist.strings */; };
		61A970BE18E142FB00398758 /* ShoutTests.m in Sources */ = {isa = PBXBuildFile; fileRef = 61A970BD18E142FB00398758 /* ShoutTests.m */; };
		61A970C818E147A100398758 /* SampleTweets.plist in Resources */ = {isa = PBXBuildFile; fileRef = 61A970C718E147A100398758 /* SampleTweets.plist */; };
		61A970CA18E14D9E00398758 /* SampleTweets2.plist in Resources */ = {isa = PBXBuildFile; fileRef = 61A970C918E14D9E00398758 /* SampleTweets2.plist */; };
/* End PBXBuildFile section */

/* Begin PBXContainerItemProxy section */
		61A970B518E142FB00398758 /* PBXContainerItemProxy */ = {
			isa = PBXContainerItemProxy;
			containerPortal = 61A9708718E142FA00398758 /* Project object */;
			proxyType = 1;
			remoteGlobalIDString = 61A9708E18E142FA00398758;
			remoteInfo = Shout;
		};
/* End PBXContainerItemProxy section */

/* Begin PBXFileReference section */
		61A9708F18E142FA00398758 /* Shout.app */ = {isa = PBXFileReference; explicitFileType = wrapper.application; includeInIndex = 0; path = Shout.app; sourceTree = BUILT_PRODUCTS_DIR; };
		61A9709218E142FA00398758 /* Foundation.framework */ = {isa = PBXFileReference; lastKnownFileType = wrapper.framework; name = Foundation.framework; path = System/Library/Frameworks/Foundation.framework; sourceTree = SDKROOT; };
		61A9709418E142FA00398758 /* CoreGraphics.framework */ = {isa = PBXFileReference; lastKnownFileType = wrapper.framework; name = CoreGraphics.framework; path = System/Library/Frameworks/CoreGraphics.framework; sourceTree = SDKROOT; };
		61A9709618E142FA00398758 /* UIKit.framework */ = {isa = PBXFileReference; lastKnownFileType = wrapper.framework; name = UIKit.framework; path = System/Library/Frameworks/UIKit.framework; sourceTree = SDKROOT; };
		61A9709A18E142FA00398758 /* Shout-Info.plist */ = {isa = PBXFileReference; lastKnownFileType = text.plist.xml; path = "Shout-Info.plist"; sourceTree = "<group>"; };
		61A9709C18E142FA00398758 /* en */ = {isa = PBXFileReference; lastKnownFileType = text.plist.strings; name = en; path = en.lproj/InfoPlist.strings; sourceTree = "<group>"; };
		61A9709E18E142FA00398758 /* main.m */ = {isa = PBXFileReference; lastKnownFileType = sourcecode.c.objc; path = main.m; sourceTree = "<group>"; };
		61A970A018E142FA00398758 /* Shout-Prefix.pch */ = {isa = PBXFileReference; lastKnownFileType = sourcecode.c.h; path = "Shout-Prefix.pch"; sourceTree = "<group>"; };
		61A970A118E142FA00398758 /* XYZAppDelegate.h */ = {isa = PBXFileReference; lastKnownFileType = sourcecode.c.h; path = XYZAppDelegate.h; sourceTree = "<group>"; };
		61A970A218E142FA00398758 /* XYZAppDelegate.m */ = {isa = PBXFileReference; lastKnownFileType = sourcecode.c.objc; path = XYZAppDelegate.m; sourceTree = "<group>"; };
		61A970A518E142FB00398758 /* Base */ = {isa = PBXFileReference; lastKnownFileType = file.storyboard; name = Base; path = Base.lproj/Main.storyboard; sourceTree = "<group>"; };
		61A970A718E142FB00398758 /* XYZViewController.h */ = {isa = PBXFileReference; lastKnownFileType = sourcecode.c.h; path = XYZViewController.h; sourceTree = "<group>"; };
		61A970A818E142FB00398758 /* XYZViewController.m */ = {isa = PBXFileReference; lastKnownFileType = sourcecode.c.objc; path = XYZViewController.m; sourceTree = "<group>"; };
		61A970AA18E142FB00398758 /* Images.xcassets */ = {isa = PBXFileReference; lastKnownFileType = folder.assetcatalog; path = Images.xcassets; sourceTree = "<group>"; };
		61A970B018E142FB00398758 /* ShoutTests.xctest */ = {isa = PBXFileReference; explicitFileType = wrapper.cfbundle; includeInIndex = 0; path = ShoutTests.xctest; sourceTree = BUILT_PRODUCTS_DIR; };
		61A970B118E142FB00398758 /* XCTest.framework */ = {isa = PBXFileReference; lastKnownFileType = wrapper.framework; name = XCTest.framework; path = Library/Frameworks/XCTest.framework; sourceTree = DEVELOPER_DIR; };
		61A970B918E142FB00398758 /* ShoutTests-Info.plist */ = {isa = PBXFileReference; lastKnownFileType = text.plist.xml; path = "ShoutTests-Info.plist"; sourceTree = "<group>"; };
		61A970BB18E142FB00398758 /* en */ = {isa = PBXFileReference; lastKnownFileType = text.plist.strings; name = en; path = en.lproj/InfoPlist.strings; sourceTree = "<group>"; };
		61A970BD18E142FB00398758 /* ShoutTests.m */ = {isa = PBXFileReference; lastKnownFileType = sourcecode.c.objc; path = ShoutTests.m; sourceTree = "<group>"; };
		61A970C718E147A100398758 /* SampleTweets.plist */ = {isa = PBXFileReference; fileEncoding = 4; lastKnownFileType = text.plist.xml; path = SampleTweets.plist; sourceTree = "<group>"; };
		61A970C918E14D9E00398758 /* SampleTweets2.plist */ = {isa = PBXFileReference; fileEncoding = 4; lastKnownFileType = text.plist.xml; path = SampleTweets2.plist; sourceTree = "<group>"; };
/* End PBXFileReference section */

/* Begin PBXFrameworksBuildPhase section */
		61A9708C18E142FA00398758 /* Frameworks */ = {
			isa = PBXFrameworksBuildPhase;
			buildActionMask = 2147483647;
			files = (
				61A9709518E142FA00398758 /* CoreGraphics.framework in Frameworks */,
				61A9709718E142FA00398758 /* UIKit.framework in Frameworks */,
				61A9709318E142FA00398758 /* Foundation.framework in Frameworks */,
			);
			runOnlyForDeploymentPostprocessing = 0;
		};
		61A970AD18E142FB00398758 /* Frameworks */ = {
			isa = PBXFrameworksBuildPhase;
			buildActionMask = 2147483647;
			files = (
				61A970B218E142FB00398758 /* XCTest.framework in Frameworks */,
				61A970B418E142FB00398758 /* UIKit.framework in Frameworks */,
				61A970B318E142FB00398758 /* Foundation.framework in Frameworks */,
			);
			runOnlyForDeploymentPostprocessing = 0;
		};
/* End PBXFrameworksBuildPhase section */

/* Begin PBXGroup section */
		61A9708618E142FA00398758 = {
			isa = PBXGroup;
			children = (
				61A9709818E142FA00398758 /* Shout */,
				61A970B718E142FB00398758 /* ShoutTests */,
				61A9709118E142FA00398758 /* Frameworks */,
				61A9709018E142FA00398758 /* Products */,
			);
			sourceTree = "<group>";
		};
		61A9709018E142FA00398758 /* Products */ = {
			isa = PBXGroup;
			children = (
				61A9708F18E142FA00398758 /* Shout.app */,
				61A970B018E142FB00398758 /* ShoutTests.xctest */,
			);
			name = Products;
			sourceTree = "<group>";
		};
		61A9709118E142FA00398758 /* Frameworks */ = {
			isa = PBXGroup;
			children = (
				61A9709218E142FA00398758 /* Foundation.framework */,
				61A9709418E142FA00398758 /* CoreGraphics.framework */,
				61A9709618E142FA00398758 /* UIKit.framework */,
				61A970B118E142FB00398758 /* XCTest.framework */,
			);
			name = Frameworks;
			sourceTree = "<group>";
		};
		61A9709818E142FA00398758 /* Shout */ = {
			isa = PBXGroup;
			children = (
				61A970A118E142FA00398758 /* XYZAppDelegate.h */,
				61A970A218E142FA00398758 /* XYZAppDelegate.m */,
				61A970A418E142FB00398758 /* Main.storyboard */,
				61A970C718E147A100398758 /* SampleTweets.plist */,
				61A970C918E14D9E00398758 /* SampleTweets2.plist */,
				61A970A718E142FB00398758 /* XYZViewController.h */,
				61A970A818E142FB00398758 /* XYZViewController.m */,
				61A970AA18E142FB00398758 /* Images.xcassets */,
				61A9709918E142FA00398758 /* Supporting Files */,
			);
			path = Shout;
			sourceTree = "<group>";
		};
		61A9709918E142FA00398758 /* Supporting Files */ = {
			isa = PBXGroup;
			children = (
				61A9709A18E142FA00398758 /* Shout-Info.plist */,
				61A9709B18E142FA00398758 /* InfoPlist.strings */,
				61A9709E18E142FA00398758 /* main.m */,
				61A970A018E142FA00398758 /* Shout-Prefix.pch */,
			);
			name = "Supporting Files";
			sourceTree = "<group>";
		};
		61A970B718E142FB00398758 /* ShoutTests */ = {
			isa = PBXGroup;
			children = (
				61A970BD18E142FB00398758 /* ShoutTests.m */,
				61A970B818E142FB00398758 /* Supporting Files */,
			);
			path = ShoutTests;
			sourceTree = "<group>";
		};
		61A970B818E142FB00398758 /* Supporting Files */ = {
			isa = PBXGroup;
			children = (
				61A970B918E142FB00398758 /* ShoutTests-Info.plist */,
				61A970BA18E142FB00398758 /* InfoPlist.strings */,
			);
			name = "Supporting Files";
			sourceTree = "<group>";
		};
/* End PBXGroup section */

/* Begin PBXNativeTarget section */
		61A9708E18E142FA00398758 /* Shout */ = {
			isa = PBXNativeTarget;
			buildConfigurationList = 61A970C118E142FB00398758 /* Build configuration list for PBXNativeTarget "Shout" */;
			buildPhases = (
				61A9708B18E142FA00398758 /* Sources */,
				61A9708C18E142FA00398758 /* Frameworks */,
				61A9708D18E142FA00398758 /* Resources */,
			);
			buildRules = (
			);
			dependencies = (
			);
			name = Shout;
			productName = Shout;
			productReference = 61A9708F18E142FA00398758 /* Shout.app */;
			productType = "com.apple.product-type.application";
		};
		61A970AF18E142FB00398758 /* ShoutTests */ = {
			isa = PBXNativeTarget;
			buildConfigurationList = 61A970C418E142FB00398758 /* Build configuration list for PBXNativeTarget "ShoutTests" */;
			buildPhases = (
				61A970AC18E142FB00398758 /* Sources */,
				61A970AD18E142FB00398758 /* Frameworks */,
				61A970AE18E142FB00398758 /* Resources */,
			);
			buildRules = (
			);
			dependencies = (
				61A970B618E142FB00398758 /* PBXTargetDependency */,
			);
			name = ShoutTests;
			productName = ShoutTests;
			productReference = 61A970B018E142FB00398758 /* ShoutTests.xctest */;
			productType = "com.apple.product-type.bundle.unit-test";
		};
/* End PBXNativeTarget section */

/* Begin PBXProject section */
		61A9708718E142FA00398758 /* Project object */ = {
			isa = PBXProject;
			attributes = {
				CLASSPREFIX = XYZ;
				LastUpgradeCheck = 0510;
				TargetAttributes = {
					61A970AF18E142FB00398758 = {
						TestTargetID = 61A9708E18E142FA00398758;
					};
				};
			};
			buildConfigurationList = 61A9708A18E142FA00398758 /* Build configuration list for PBXProject "Shout" */;
			compatibilityVersion = "Xcode 3.2";
			developmentRegion = English;
			hasScannedForEncodings = 0;
			knownRegions = (
				en,
				Base,
			);
			mainGroup = 61A9708618E142FA00398758;
			productRefGroup = 61A9709018E142FA00398758 /* Products */;
			projectDirPath = "";
			projectRoot = "";
			targets = (
				61A9708E18E142FA00398758 /* Shout */,
				61A970AF18E142FB00398758 /* ShoutTests */,
			);
		};
/* End PBXProject section */

/* Begin PBXResourcesBuildPhase section */
		61A9708D18E142FA00398758 /* Resources */ = {
			isa = PBXResourcesBuildPhase;
			buildActionMask = 2147483647;
			files = (
				61A970AB18E142FB00398758 /* Images.xcassets in Resources */,
				61A9709D18E142FA00398758 /* InfoPlist.strings in Resources */,
				61A970C818E147A100398758 /* SampleTweets.plist in Resources */,
				61A970CA18E14D9E00398758 /* SampleTweets2.plist in Resources */,
				61A970A618E142FB00398758 /* Main.storyboard in Resources */,
			);
			runOnlyForDeploymentPostprocessing = 0;
		};
		61A970AE18E142FB00398758 /* Resources */ = {
			isa = PBXResourcesBuildPhase;
			buildActionMask = 2147483647;
			files = (
				61A970BC18E142FB00398758 /* InfoPlist.strings in Resources */,
			);
			runOnlyForDeploymentPostprocessing = 0;
		};
/* End PBXResourcesBuildPhase section */

/* Begin PBXSourcesBuildPhase section */
		61A9708B18E142FA00398758 /* Sources */ = {
			isa = PBXSourcesBuildPhase;
			buildActionMask = 2147483647;
			files = (
				61A970A918E142FB00398758 /* XYZViewController.m in Sources */,
				61A970A318E142FA00398758 /* XYZAppDelegate.m in Sources */,
				61A9709F18E142FA00398758 /* main.m in Sources */,
			);
			runOnlyForDeploymentPostprocessing = 0;
		};
		61A970AC18E142FB00398758 /* Sources */ = {
			isa = PBXSourcesBuildPhase;
			buildActionMask = 2147483647;
			files = (
				61A970BE18E142FB00398758 /* ShoutTests.m in Sources */,
			);
			runOnlyForDeploymentPostprocessing = 0;
		};
/* End PBXSourcesBuildPhase section */

/* Begin PBXTargetDependency section */
		61A970B618E142FB00398758 /* PBXTargetDependency */ = {
			isa = PBXTargetDependency;
			target = 61A9708E18E142FA00398758 /* Shout */;
			targetProxy = 61A970B518E142FB00398758 /* PBXContainerItemProxy */;
		};
/* End PBXTargetDependency section */

/* Begin PBXVariantGroup section */
		61A9709B18E142FA00398758 /* InfoPlist.strings */ = {
			isa = PBXVariantGroup;
			children = (
				61A9709C18E142FA00398758 /* en */,
			);
			name = InfoPlist.strings;
			sourceTree = "<group>";
		};
		61A970A418E142FB00398758 /* Main.storyboard */ = {
			isa = PBXVariantGroup;
			children = (
				61A970A518E142FB00398758 /* Base */,
			);
			name = Main.storyboard;
			sourceTree = "<group>";
		};
		61A970BA18E142FB00398758 /* InfoPlist.strings */ = {
			isa = PBXVariantGroup;
			children = (
				61A970BB18E142FB00398758 /* en */,
			);
			name = InfoPlist.strings;
			sourceTree = "<group>";
		};
/* End PBXVariantGroup section */

/* Begin XCBuildConfiguration section */
		61A970BF18E142FB00398758 /* Debug */ = {
			isa = XCBuildConfiguration;
			buildSettings = {
				ALWAYS_SEARCH_USER_PATHS = NO;
				CLANG_CXX_LANGUAGE_STANDARD = "gnu++0x";
				CLANG_CXX_LIBRARY = "libc++";
				CLANG_ENABLE_MODULES = YES;
				CLANG_ENABLE_OBJC_ARC = YES;
				CLANG_WARN_BOOL_CONVERSION = YES;
				CLANG_WARN_CONSTANT_CONVERSION = YES;
				CLANG_WARN_DIRECT_OBJC_ISA_USAGE = YES_ERROR;
				CLANG_WARN_EMPTY_BODY = YES;
				CLANG_WARN_ENUM_CONVERSION = YES;
				CLANG_WARN_INT_CONVERSION = YES;
				CLANG_WARN_OBJC_ROOT_CLASS = YES_ERROR;
				CLANG_WARN__DUPLICATE_METHOD_MATCH = YES;
				"CODE_SIGN_IDENTITY[sdk=iphoneos*]" = "iPhone Developer";
				COPY_PHASE_STRIP = NO;
				GCC_C_LANGUAGE_STANDARD = gnu99;
				GCC_DYNAMIC_NO_PIC = NO;
				GCC_OPTIMIZATION_LEVEL = 0;
				GCC_PREPROCESSOR_DEFINITIONS = (
					"DEBUG=1",
					"$(inherited)",
				);
				GCC_SYMBOLS_PRIVATE_EXTERN = NO;
				GCC_WARN_64_TO_32_BIT_CONVERSION = YES;
				GCC_WARN_ABOUT_RETURN_TYPE = YES_ERROR;
				GCC_WARN_UNDECLARED_SELECTOR = YES;
				GCC_WARN_UNINITIALIZED_AUTOS = YES_AGGRESSIVE;
				GCC_WARN_UNUSED_FUNCTION = YES;
				GCC_WARN_UNUSED_VARIABLE = YES;
				IPHONEOS_DEPLOYMENT_TARGET = 7.1;
				ONLY_ACTIVE_ARCH = YES;
				SDKROOT = iphoneos;
			};
			name = Debug;
		};
		61A970C018E142FB00398758 /* Release */ = {
			isa = XCBuildConfiguration;
			buildSettings = {
				ALWAYS_SEARCH_USER_PATHS = NO;
				CLANG_CXX_LANGUAGE_STANDARD = "gnu++0x";
				CLANG_CXX_LIBRARY = "libc++";
				CLANG_ENABLE_MODULES = YES;
				CLANG_ENABLE_OBJC_ARC = YES;
				CLANG_WARN_BOOL_CONVERSION = YES;
				CLANG_WARN_CONSTANT_CONVERSION = YES;
				CLANG_WARN_DIRECT_OBJC_ISA_USAGE = YES_ERROR;
				CLANG_WARN_EMPTY_BODY = YES;
				CLANG_WARN_ENUM_CONVERSION = YES;
				CLANG_WARN_INT_CONVERSION = YES;
				CLANG_WARN_OBJC_ROOT_CLASS = YES_ERROR;
				CLANG_WARN__DUPLICATE_METHOD_MATCH = YES;
				"CODE_SIGN_IDENTITY[sdk=iphoneos*]" = "iPhone Developer";
				COPY_PHASE_STRIP = YES;
				ENABLE_NS_ASSERTIONS = NO;
				GCC_C_LANGUAGE_STANDARD = gnu99;
				GCC_WARN_64_TO_32_BIT_CONVERSION = YES;
				GCC_WARN_ABOUT_RETURN_TYPE = YES_ERROR;
				GCC_WARN_UNDECLARED_SELECTOR = YES;
				GCC_WARN_UNINITIALIZED_AUTOS = YES_AGGRESSIVE;
				GCC_WARN_UNUSED_FUNCTION = YES;
				GCC_WARN_UNUSED_VARIABLE = YES;
				IPHONEOS_DEPLOYMENT_TARGET = 7.1;
				SDKROOT = iphoneos;
				VALIDATE_PRODUCT = YES;
			};
			name = Release;
		};
		61A970C218E142FB00398758 /* Debug */ = {
			isa = XCBuildConfiguration;
			buildSettings = {
				ASSETCATALOG_COMPILER_APPICON_NAME = AppIcon;
				ASSETCATALOG_COMPILER_LAUNCHIMAGE_NAME = LaunchImage;
				GCC_PRECOMPILE_PREFIX_HEADER = YES;
				GCC_PREFIX_HEADER = "Shout/Shout-Prefix.pch";
				INFOPLIST_FILE = "Shout/Shout-Info.plist";
				PRODUCT_NAME = "$(TARGET_NAME)";
				WRAPPER_EXTENSION = app;
			};
			name = Debug;
		};
		61A970C318E142FB00398758 /* Release */ = {
			isa = XCBuildConfiguration;
			buildSettings = {
				ASSETCATALOG_COMPILER_APPICON_NAME = AppIcon;
				ASSETCATALOG_COMPILER_LAUNCHIMAGE_NAME = LaunchImage;
				GCC_PRECOMPILE_PREFIX_HEADER = YES;
				GCC_PREFIX_HEADER = "Shout/Shout-Prefix.pch";
				INFOPLIST_FILE = "Shout/Shout-Info.plist";
				PRODUCT_NAME = "$(TARGET_NAME)";
				WRAPPER_EXTENSION = app;
			};
			name = Release;
		};
		61A970C518E142FB00398758 /* Debug */ = {
			isa = XCBuildConfiguration;
			buildSettings = {
				BUNDLE_LOADER = "$(BUILT_PRODUCTS_DIR)/Shout.app/Shout";
				FRAMEWORK_SEARCH_PATHS = (
					"$(SDKROOT)/Developer/Library/Frameworks",
					"$(inherited)",
					"$(DEVELOPER_FRAMEWORKS_DIR)",
				);
				GCC_PRECOMPILE_PREFIX_HEADER = YES;
				GCC_PREFIX_HEADER = "Shout/Shout-Prefix.pch";
				GCC_PREPROCESSOR_DEFINITIONS = (
					"DEBUG=1",
					"$(inherited)",
				);
				INFOPLIST_FILE = "ShoutTests/ShoutTests-Info.plist";
				PRODUCT_NAME = "$(TARGET_NAME)";
				TEST_HOST = "$(BUNDLE_LOADER)";
				WRAPPER_EXTENSION = xctest;
			};
			name = Debug;
		};
		61A970C618E142FB00398758 /* Release */ = {
			isa = XCBuildConfiguration;
			buildSettings = {
				BUNDLE_LOADER = "$(BUILT_PRODUCTS_DIR)/Shout.app/Shout";
				FRAMEWORK_SEARCH_PATHS = (
					"$(SDKROOT)/Developer/Library/Frameworks",
					"$(inherited)",
					"$(DEVELOPER_FRAMEWORKS_DIR)",
				);
				GCC_PRECOMPILE_PREFIX_HEADER = YES;
				GCC_PREFIX_HEADER = "Shout/Shout-Prefix.pch";
				INFOPLIST_FILE = "ShoutTests/ShoutTests-Info.plist";
				PRODUCT_NAME = "$(TARGET_NAME)";
				TEST_HOST = "$(BUNDLE_LOADER)";
				WRAPPER_EXTENSION = xctest;
			};
			name = Release;
		};
/* End XCBuildConfiguration section */

/* Begin XCConfigurationList section */
		61A9708A18E142FA00398758 /* Build configuration list for PBXProject "Shout" */ = {
			isa = XCConfigurationList;
			buildConfigurations = (
				61A970BF18E142FB00398758 /* Debug */,
				61A970C018E142FB00398758 /* Release */,
			);
			defaultConfigurationIsVisible = 0;
			defaultConfigurationName = Release;
		};
		61A970C118E142FB00398758 /* Build configuration list for PBXNativeTarget "Shout" */ = {
			isa = XCConfigurationList;
			buildConfigurations = (
				61A970C218E142FB00398758 /* Debug */,
				61A970C318E142FB00398758 /* Release */,
			);
			defaultConfigurationIsVisible = 0;
		};
		61A970C418E142FB00398758 /* Build configuration list for PBXNativeTarget "ShoutTests" */ = {
			isa = XCConfigurationList;
			buildConfigurations = (
				61A970C518E142FB00398758 /* Debug */,
				61A970C618E142FB00398758 /* Release */,
			);
			defaultConfigurationIsVisible = 0;
		};
/* End XCConfigurationList section */
	};
	rootObject = 61A9708718E142FA00398758 /* Project object */;
}
